
Microsoft Visual Studio Solution File, Format Version 12.00
# Visual Studio Version 16
VisualStudioVersion = 16.0.34114.132
MinimumVisualStudioVersion = 10.0.40219.1
Project("{2150E333-8FDC-42A3-9474-1A3956D46DE8}") = "Task0", "Task0", "{F1B8A57B-89E6-48E4-BD99-E3392FCA912D}"
EndProject
Project("{FAE04EC0-301F-11D3-BF4B-00C04F79EFBC}") = "Tyuiu.KushnerovIA.Sprint5.Task0.V12", "Tyuiu.KushnerovIA.Sprint5.Task0.V12\Tyuiu.KushnerovIA.Sprint5.Task0.V12.csproj", "{CA172E92-A0CF-4A15-85A3-562AA75D3A55}"
EndProject
Project("{FAE04EC0-301F-11D3-BF4B-00C04F79EFBC}") = "Tyuiu.KushnerovIA.Sprint5.Task0.V12.Test", "Tyuiu.KushnerovIA.Sprint5.Task0.V12.Test\Tyuiu.KushnerovIA.Sprint5.Task0.V12.Test.csproj", "{5E3B8927-06AD-462E-A82F-C6E4EEE1B937}"
EndProject
Project("{FAE04EC0-301F-11D3-BF4B-00C04F79EFBC}") = "Tyuiu.KushnerovIA.Sprint5.Task0.V12.Lib", "Tyuiu.KushnerovIA.Sprint5.Task0.V12.Lib\Tyuiu.KushnerovIA.Sprint5.Task0.V12.Lib.csproj", "{32333A27-1B3A-4DD0-9011-7A8E5FE62CC0}"
EndProject
Project("{2150E333-8FDC-42A3-9474-1A3956D46DE8}") = "Task1", "Task1", "{B7E25B9A-1C03-4883-8E2A-3BB6EB219381}"
EndProject
Project("{FAE04EC0-301F-11D3-BF4B-00C04F79EFBC}") = "Tyuiu.KushnerovIA.Sprint5.Task1.V6", "Tyuiu.KushnerovIA.Sprint5.Task1.V6\Tyuiu.KushnerovIA.Sprint5.Task1.V6.csproj", "{0D642CA6-BA1D-438F-85EB-16E54AEF27D5}"
EndProject
Project("{FAE04EC0-301F-11D3-BF4B-00C04F79EFBC}") = "Tyuiu.KushnerovIA.Sprint5.Task1.V6.Lib", "Tyuiu.KushnerovIA.Sprint5.Task1.V6.Lib\Tyuiu.KushnerovIA.Sprint5.Task1.V6.Lib.csproj", "{33A73BB6-9EB3-4B82-97B9-A5BCA88538A4}"
EndProject
Project("{FAE04EC0-301F-11D3-BF4B-00C04F79EFBC}") = "Tyuiu.KushnerovIA.Sprint5.Task1.V6.Test", "Tyuiu.KushnerovIA.Sprint5.Task1.V6.Test\Tyuiu.KushnerovIA.Sprint5.Task1.V6.Test.csproj", "{D59B2BF3-B52C-4AB6-B9E2-1C064452CF8B}"
EndProject
Project("{2150E333-8FDC-42A3-9474-1A3956D46DE8}") = "Task2", "Task2", "{CF187122-57B4-4DFA-A98A-C97FC96916CC}"
EndProject
Project("{FAE04EC0-301F-11D3-BF4B-00C04F79EFBC}") = "Tyuiu.KushnerovIA.Sprint5.Task2.V8", "Tyuiu.KushnerovIA.Sprint5.Task2.V8\Tyuiu.KushnerovIA.Sprint5.Task2.V8.csproj", "{FB24A743-C71C-414A-AA80-71C080695AC1}"
EndProject
Project("{FAE04EC0-301F-11D3-BF4B-00C04F79EFBC}") = "Tyuiu.KushnerovIA.Sprint5.Task2.V8.Test", "Tyuiu.KushnerovIA.Sprint5.Task2.V8.Test\Tyuiu.KushnerovIA.Sprint5.Task2.V8.Test.csproj", "{18C7FFCE-C709-45A9-899E-E16519BD1BCC}"
EndProject
Project("{FAE04EC0-301F-11D3-BF4B-00C04F79EFBC}") = "Tyuiu.KushnerovIA.Sprint5.Task2.V8.Lib", "Tyuiu.KushnerovIA.Sprint5.Task2.V8.Lib\Tyuiu.KushnerovIA.Sprint5.Task2.V8.Lib.csproj", "{B4EEF926-A3E6-40A6-B027-B17694CAA785}"
EndProject
Project("{2150E333-8FDC-42A3-9474-1A3956D46DE8}") = "Task3", "Task3", "{81CDFE5B-6659-4E1E-A272-89A9439EAF3B}"
EndProject
Project("{FAE04EC0-301F-11D3-BF4B-00C04F79EFBC}") = "Tyuiu.KushnerovIA.Sprint5.Task3.V16", "Tyuiu.KushnerovIA.Sprint5.Task3.V16\Tyuiu.KushnerovIA.Sprint5.Task3.V16.csproj", "{FBCB0FC8-30DF-4BFE-8723-EA8ACA57EAED}"
EndProject
Project("{FAE04EC0-301F-11D3-BF4B-00C04F79EFBC}") = "Tyuiu.KushnerovIA.Sprint5.Task3.V16.Lib", "Tyuiu.KushnerovIA.Sprint5.Task3.V16.Lib\Tyuiu.KushnerovIA.Sprint5.Task3.V16.Lib.csproj", "{097C9BA3-5DEF-4455-B266-D85FE0E6F581}"
EndProject
Project("{FAE04EC0-301F-11D3-BF4B-00C04F79EFBC}") = "Tyuiu.KushnerovIA.Sprint5.Task3.V16.Test", "Tyuiu.KushnerovIA.Sprint5.Task3.V16.Test\Tyuiu.KushnerovIA.Sprint5.Task3.V16.Test.csproj", "{470140A2-42F4-492E-B6B6-C51EFE1AB589}"
EndProject
Project("{2150E333-8FDC-42A3-9474-1A3956D46DE8}") = "Task4", "Task4", "{C74FD0E7-89BA-44C5-8EDC-F6499AAD7831}"
EndProject
Project("{FAE04EC0-301F-11D3-BF4B-00C04F79EFBC}") = "Tyuiu.KushnerovIA.Sprint5.Task4.V18", "Tyuiu.KushnerovIA.Sprint5.Task4.V18\Tyuiu.KushnerovIA.Sprint5.Task4.V18.csproj", "{030011F4-EA10-44D1-9D67-F3A98C61919D}"
EndProject
Project("{FAE04EC0-301F-11D3-BF4B-00C04F79EFBC}") = "Tyuiu.KushnerovIA.Sprint5.Task4.V18.Lib", "Tyuiu.KushnerovIA.Sprint5.Task4.V18.Lib\Tyuiu.KushnerovIA.Sprint5.Task4.V18.Lib.csproj", "{56BC6FA1-EF47-4CDA-8EB5-A44777A30169}"
EndProject
Project("{FAE04EC0-301F-11D3-BF4B-00C04F79EFBC}") = "Tyuiu.KushnerovIA.Sprint5.Task4.V18.Test", "Tyuiu.KushnerovIA.Sprint5.Task4.V18.Test\Tyuiu.KushnerovIA.Sprint5.Task4.V18.Test.csproj", "{3FAD6FEB-308E-488C-B9BE-14E277CAE0C8}"
EndProject
Project("{2150E333-8FDC-42A3-9474-1A3956D46DE8}") = "Task5", "Task5", "{8AA42455-31D3-43B6-B7A8-AC1D8F3A6731}"
EndProject
Project("{FAE04EC0-301F-11D3-BF4B-00C04F79EFBC}") = "Tyuiu.KushnerovIA.Sprint5.Task5.V16", "Tyuiu.KushnerovIA.Sprint5.Task5.V16\Tyuiu.KushnerovIA.Sprint5.Task5.V16.csproj", "{22D30695-637A-466E-A0E2-782572083A60}"
EndProject
Project("{FAE04EC0-301F-11D3-BF4B-00C04F79EFBC}") = "Tyuiu.KushnerovIA.Sprint5.Task5.V16.Test", "Tyuiu.KushnerovIA.Sprint5.Task5.V16.Test\Tyuiu.KushnerovIA.Sprint5.Task5.V16.Test.csproj", "{49E304C5-8BC6-4472-9815-189B523FA357}"
EndProject
Project("{FAE04EC0-301F-11D3-BF4B-00C04F79EFBC}") = "Tyuiu.KushnerovIA.Sprint5.Task5.V16.Lib", "Tyuiu.KushnerovIA.Sprint5.Task5.V16.Lib\Tyuiu.KushnerovIA.Sprint5.Task5.V16.Lib.csproj", "{7463799D-0963-459D-A319-45540D09DCBB}"
EndProject
Project("{2150E333-8FDC-42A3-9474-1A3956D46DE8}") = "Task6", "Task6", "{0EAAABBF-0BEB-4711-882C-CA407B2A0AFD}"
EndProject
Project("{FAE04EC0-301F-11D3-BF4B-00C04F79EFBC}") = "Tyuiu.KushnerovIA.Sprint5.Task6.V7", "Tyuiu.KushnerovIA.Sprint5.Task6.V7\Tyuiu.KushnerovIA.Sprint5.Task6.V7.csproj", "{41A8582C-2DB4-4B9E-81FC-6DFC387E45DC}"
EndProject
Project("{FAE04EC0-301F-11D3-BF4B-00C04F79EFBC}") = "Tyuiu.KushnerovIA.Sprint5.Task6.V7.Lib", "Tyuiu.KushnerovIA.Sprint5.Task6.V7.Lib\Tyuiu.KushnerovIA.Sprint5.Task6.V7.Lib.csproj", "{2100E3E7-97A0-41A8-A6C9-F84D717452DE}"
EndProject
Project("{FAE04EC0-301F-11D3-BF4B-00C04F79EFBC}") = "Tyuiu.KushnerovIA.Sprint5.Task6.V7.Test", "Tyuiu.KushnerovIA.Sprint5.Task6.V7.Test\Tyuiu.KushnerovIA.Sprint5.Task6.V7.Test.csproj", "{8472E285-17CB-4411-972D-3EAF8C8C5C27}"
EndProject
Project("{2150E333-8FDC-42A3-9474-1A3956D46DE8}") = "Task7", "Task7", "{84B0A100-27C8-4248-8BEB-F942AE0520EB}"
EndProject
Project("{FAE04EC0-301F-11D3-BF4B-00C04F79EFBC}") = "Tyuiu.KushnerovIA.Sprint5.Task7.V16", "Tyuiu.KushnerovIA.Sprint5.Task7.V16\Tyuiu.KushnerovIA.Sprint5.Task7.V16.csproj", "{293EFBD6-8A43-48C5-872F-3AD046E11F34}"
EndProject
Global
	GlobalSection(SolutionConfigurationPlatforms) = preSolution
		Debug|Any CPU = Debug|Any CPU
		Release|Any CPU = Release|Any CPU
	EndGlobalSection
	GlobalSection(ProjectConfigurationPlatforms) = postSolution
		{CA172E92-A0CF-4A15-85A3-562AA75D3A55}.Debug|Any CPU.ActiveCfg = Debug|Any CPU
		{CA172E92-A0CF-4A15-85A3-562AA75D3A55}.Debug|Any CPU.Build.0 = Debug|Any CPU
		{CA172E92-A0CF-4A15-85A3-562AA75D3A55}.Release|Any CPU.ActiveCfg = Release|Any CPU
		{CA172E92-A0CF-4A15-85A3-562AA75D3A55}.Release|Any CPU.Build.0 = Release|Any CPU
		{5E3B8927-06AD-462E-A82F-C6E4EEE1B937}.Debug|Any CPU.ActiveCfg = Debug|Any CPU
		{5E3B8927-06AD-462E-A82F-C6E4EEE1B937}.Debug|Any CPU.Build.0 = Debug|Any CPU
		{5E3B8927-06AD-462E-A82F-C6E4EEE1B937}.Release|Any CPU.ActiveCfg = Release|Any CPU
		{5E3B8927-06AD-462E-A82F-C6E4EEE1B937}.Release|Any CPU.Build.0 = Release|Any CPU
		{32333A27-1B3A-4DD0-9011-7A8E5FE62CC0}.Debug|Any CPU.ActiveCfg = Debug|Any CPU
		{32333A27-1B3A-4DD0-9011-7A8E5FE62CC0}.Debug|Any CPU.Build.0 = Debug|Any CPU
		{32333A27-1B3A-4DD0-9011-7A8E5FE62CC0}.Release|Any CPU.ActiveCfg = Release|Any CPU
		{32333A27-1B3A-4DD0-9011-7A8E5FE62CC0}.Release|Any CPU.Build.0 = Release|Any CPU
		{0D642CA6-BA1D-438F-85EB-16E54AEF27D5}.Debug|Any CPU.ActiveCfg = Debug|Any CPU
		{0D642CA6-BA1D-438F-85EB-16E54AEF27D5}.Debug|Any CPU.Build.0 = Debug|Any CPU
		{0D642CA6-BA1D-438F-85EB-16E54AEF27D5}.Release|Any CPU.ActiveCfg = Release|Any CPU
		{0D642CA6-BA1D-438F-85EB-16E54AEF27D5}.Release|Any CPU.Build.0 = Release|Any CPU
		{33A73BB6-9EB3-4B82-97B9-A5BCA88538A4}.Debug|Any CPU.ActiveCfg = Debug|Any CPU
		{33A73BB6-9EB3-4B82-97B9-A5BCA88538A4}.Debug|Any CPU.Build.0 = Debug|Any CPU
		{33A73BB6-9EB3-4B82-97B9-A5BCA88538A4}.Release|Any CPU.ActiveCfg = Release|Any CPU
		{33A73BB6-9EB3-4B82-97B9-A5BCA88538A4}.Release|Any CPU.Build.0 = Release|Any CPU
		{D59B2BF3-B52C-4AB6-B9E2-1C064452CF8B}.Debug|Any CPU.ActiveCfg = Debug|Any CPU
		{D59B2BF3-B52C-4AB6-B9E2-1C064452CF8B}.Debug|Any CPU.Build.0 = Debug|Any CPU
		{D59B2BF3-B52C-4AB6-B9E2-1C064452CF8B}.Release|Any CPU.ActiveCfg = Release|Any CPU
		{D59B2BF3-B52C-4AB6-B9E2-1C064452CF8B}.Release|Any CPU.Build.0 = Release|Any CPU
		{FB24A743-C71C-414A-AA80-71C080695AC1}.Debug|Any CPU.ActiveCfg = Debug|Any CPU
		{FB24A743-C71C-414A-AA80-71C080695AC1}.Debug|Any CPU.Build.0 = Debug|Any CPU
		{FB24A743-C71C-414A-AA80-71C080695AC1}.Release|Any CPU.ActiveCfg = Release|Any CPU
		{FB24A743-C71C-414A-AA80-71C080695AC1}.Release|Any CPU.Build.0 = Release|Any CPU
		{18C7FFCE-C709-45A9-899E-E16519BD1BCC}.Debug|Any CPU.ActiveCfg = Debug|Any CPU
		{18C7FFCE-C709-45A9-899E-E16519BD1BCC}.Debug|Any CPU.Build.0 = Debug|Any CPU
		{18C7FFCE-C709-45A9-899E-E16519BD1BCC}.Release|Any CPU.ActiveCfg = Release|Any CPU
		{18C7FFCE-C709-45A9-899E-E16519BD1BCC}.Release|Any CPU.Build.0 = Release|Any CPU
		{B4EEF926-A3E6-40A6-B027-B17694CAA785}.Debug|Any CPU.ActiveCfg = Debug|Any CPU
		{B4EEF926-A3E6-40A6-B027-B17694CAA785}.Debug|Any CPU.Build.0 = Debug|Any CPU
		{B4EEF926-A3E6-40A6-B027-B17694CAA785}.Release|Any CPU.ActiveCfg = Release|Any CPU
		{B4EEF926-A3E6-40A6-B027-B17694CAA785}.Release|Any CPU.Build.0 = Release|Any CPU
		{FBCB0FC8-30DF-4BFE-8723-EA8ACA57EAED}.Debug|Any CPU.ActiveCfg = Debug|Any CPU
		{FBCB0FC8-30DF-4BFE-8723-EA8ACA57EAED}.Debug|Any CPU.Build.0 = Debug|Any CPU
		{FBCB0FC8-30DF-4BFE-8723-EA8ACA57EAED}.Release|Any CPU.ActiveCfg = Release|Any CPU
		{FBCB0FC8-30DF-4BFE-8723-EA8ACA57EAED}.Release|Any CPU.Build.0 = Release|Any CPU
		{097C9BA3-5DEF-4455-B266-D85FE0E6F581}.Debug|Any CPU.ActiveCfg = Debug|Any CPU
		{097C9BA3-5DEF-4455-B266-D85FE0E6F581}.Debug|Any CPU.Build.0 = Debug|Any CPU
		{097C9BA3-5DEF-4455-B266-D85FE0E6F581}.Release|Any CPU.ActiveCfg = Release|Any CPU
		{097C9BA3-5DEF-4455-B266-D85FE0E6F581}.Release|Any CPU.Build.0 = Release|Any CPU
		{470140A2-42F4-492E-B6B6-C51EFE1AB589}.Debug|Any CPU.ActiveCfg = Debug|Any CPU
		{470140A2-42F4-492E-B6B6-C51EFE1AB589}.Debug|Any CPU.Build.0 = Debug|Any CPU
		{470140A2-42F4-492E-B6B6-C51EFE1AB589}.Release|Any CPU.ActiveCfg = Release|Any CPU
		{470140A2-42F4-492E-B6B6-C51EFE1AB589}.Release|Any CPU.Build.0 = Release|Any CPU
		{030011F4-EA10-44D1-9D67-F3A98C61919D}.Debug|Any CPU.ActiveCfg = Debug|Any CPU
		{030011F4-EA10-44D1-9D67-F3A98C61919D}.Debug|Any CPU.Build.0 = Debug|Any CPU
		{030011F4-EA10-44D1-9D67-F3A98C61919D}.Release|Any CPU.ActiveCfg = Release|Any CPU
		{030011F4-EA10-44D1-9D67-F3A98C61919D}.Release|Any CPU.Build.0 = Release|Any CPU
		{56BC6FA1-EF47-4CDA-8EB5-A44777A30169}.Debug|Any CPU.ActiveCfg = Debug|Any CPU
		{56BC6FA1-EF47-4CDA-8EB5-A44777A30169}.Debug|Any CPU.Build.0 = Debug|Any CPU
		{56BC6FA1-EF47-4CDA-8EB5-A44777A30169}.Release|Any CPU.ActiveCfg = Release|Any CPU
		{56BC6FA1-EF47-4CDA-8EB5-A44777A30169}.Release|Any CPU.Build.0 = Release|Any CPU
		{3FAD6FEB-308E-488C-B9BE-14E277CAE0C8}.Debug|Any CPU.ActiveCfg = Debug|Any CPU
		{3FAD6FEB-308E-488C-B9BE-14E277CAE0C8}.Debug|Any CPU.Build.0 = Debug|Any CPU
		{3FAD6FEB-308E-488C-B9BE-14E277CAE0C8}.Release|Any CPU.ActiveCfg = Release|Any CPU
		{3FAD6FEB-308E-488C-B9BE-14E277CAE0C8}.Release|Any CPU.Build.0 = Release|Any CPU
		{22D30695-637A-466E-A0E2-782572083A60}.Debug|Any CPU.ActiveCfg = Debug|Any CPU
		{22D30695-637A-466E-A0E2-782572083A60}.Debug|Any CPU.Build.0 = Debug|Any CPU
		{22D30695-637A-466E-A0E2-782572083A60}.Release|Any CPU.ActiveCfg = Release|Any CPU
		{22D30695-637A-466E-A0E2-782572083A60}.Release|Any CPU.Build.0 = Release|Any CPU
		{49E304C5-8BC6-4472-9815-189B523FA357}.Debug|Any CPU.ActiveCfg = Debug|Any CPU
		{49E304C5-8BC6-4472-9815-189B523FA357}.Debug|Any CPU.Build.0 = Debug|Any CPU
		{49E304C5-8BC6-4472-9815-189B523FA357}.Release|Any CPU.ActiveCfg = Release|Any CPU
		{49E304C5-8BC6-4472-9815-189B523FA357}.Release|Any CPU.Build.0 = Release|Any CPU
		{7463799D-0963-459D-A319-45540D09DCBB}.Debug|Any CPU.ActiveCfg = Debug|Any CPU
		{7463799D-0963-459D-A319-45540D09DCBB}.Debug|Any CPU.Build.0 = Debug|Any CPU
		{7463799D-0963-459D-A319-45540D09DCBB}.Release|Any CPU.ActiveCfg = Release|Any CPU
		{7463799D-0963-459D-A319-45540D09DCBB}.Release|Any CPU.Build.0 = Release|Any CPU
		{41A8582C-2DB4-4B9E-81FC-6DFC387E45DC}.Debug|Any CPU.ActiveCfg = Debug|Any CPU
		{41A8582C-2DB4-4B9E-81FC-6DFC387E45DC}.Debug|Any CPU.Build.0 = Debug|Any CPU
		{41A8582C-2DB4-4B9E-81FC-6DFC387E45DC}.Release|Any CPU.ActiveCfg = Release|Any CPU
		{41A8582C-2DB4-4B9E-81FC-6DFC387E45DC}.Release|Any CPU.Build.0 = Release|Any CPU
		{2100E3E7-97A0-41A8-A6C9-F84D717452DE}.Debug|Any CPU.ActiveCfg = Debug|Any CPU
		{2100E3E7-97A0-41A8-A6C9-F84D717452DE}.Debug|Any CPU.Build.0 = Debug|Any CPU
		{2100E3E7-97A0-41A8-A6C9-F84D717452DE}.Release|Any CPU.ActiveCfg = Release|Any CPU
		{2100E3E7-97A0-41A8-A6C9-F84D717452DE}.Release|Any CPU.Build.0 = Release|Any CPU
		{8472E285-17CB-4411-972D-3EAF8C8C5C27}.Debug|Any CPU.ActiveCfg = Debug|Any CPU
		{8472E285-17CB-4411-972D-3EAF8C8C5C27}.Debug|Any CPU.Build.0 = Debug|Any CPU
		{8472E285-17CB-4411-972D-3EAF8C8C5C27}.Release|Any CPU.ActiveCfg = Release|Any CPU
		{8472E285-17CB-4411-972D-3EAF8C8C5C27}.Release|Any CPU.Build.0 = Release|Any CPU
		{293EFBD6-8A43-48C5-872F-3AD046E11F34}.Debug|Any CPU.ActiveCfg = Debug|Any CPU
		{293EFBD6-8A43-48C5-872F-3AD046E11F34}.Debug|Any CPU.Build.0 = Debug|Any CPU
		{293EFBD6-8A43-48C5-872F-3AD046E11F34}.Release|Any CPU.ActiveCfg = Release|Any CPU
		{293EFBD6-8A43-48C5-872F-3AD046E11F34}.Release|Any CPU.Build.0 = Release|Any CPU
	EndGlobalSection
	GlobalSection(SolutionProperties) = preSolution
		HideSolutionNode = FALSE
	EndGlobalSection
	GlobalSection(NestedProjects) = preSolution
		{CA172E92-A0CF-4A15-85A3-562AA75D3A55} = {F1B8A57B-89E6-48E4-BD99-E3392FCA912D}
		{5E3B8927-06AD-462E-A82F-C6E4EEE1B937} = {F1B8A57B-89E6-48E4-BD99-E3392FCA912D}
		{32333A27-1B3A-4DD0-9011-7A8E5FE62CC0} = {F1B8A57B-89E6-48E4-BD99-E3392FCA912D}
		{0D642CA6-BA1D-438F-85EB-16E54AEF27D5} = {B7E25B9A-1C03-4883-8E2A-3BB6EB219381}
		{33A73BB6-9EB3-4B82-97B9-A5BCA88538A4} = {B7E25B9A-1C03-4883-8E2A-3BB6EB219381}
		{D59B2BF3-B52C-4AB6-B9E2-1C064452CF8B} = {B7E25B9A-1C03-4883-8E2A-3BB6EB219381}
		{FB24A743-C71C-414A-AA80-71C080695AC1} = {CF187122-57B4-4DFA-A98A-C97FC96916CC}
		{18C7FFCE-C709-45A9-899E-E16519BD1BCC} = {CF187122-57B4-4DFA-A98A-C97FC96916CC}
		{B4EEF926-A3E6-40A6-B027-B17694CAA785} = {CF187122-57B4-4DFA-A98A-C97FC96916CC}
		{FBCB0FC8-30DF-4BFE-8723-EA8ACA57EAED} = {81CDFE5B-6659-4E1E-A272-89A9439EAF3B}
		{097C9BA3-5DEF-4455-B266-D85FE0E6F581} = {81CDFE5B-6659-4E1E-A272-89A9439EAF3B}
		{470140A2-42F4-492E-B6B6-C51EFE1AB589} = {81CDFE5B-6659-4E1E-A272-89A9439EAF3B}
		{030011F4-EA10-44D1-9D67-F3A98C61919D} = {C74FD0E7-89BA-44C5-8EDC-F6499AAD7831}
		{56BC6FA1-EF47-4CDA-8EB5-A44777A30169} = {C74FD0E7-89BA-44C5-8EDC-F6499AAD7831}
		{3FAD6FEB-308E-488C-B9BE-14E277CAE0C8} = {C74FD0E7-89BA-44C5-8EDC-F6499AAD7831}
		{22D30695-637A-466E-A0E2-782572083A60} = {8AA42455-31D3-43B6-B7A8-AC1D8F3A6731}
		{49E304C5-8BC6-4472-9815-189B523FA357} = {8AA42455-31D3-43B6-B7A8-AC1D8F3A6731}
		{7463799D-0963-459D-A319-45540D09DCBB} = {8AA42455-31D3-43B6-B7A8-AC1D8F3A6731}
		{41A8582C-2DB4-4B9E-81FC-6DFC387E45DC} = {0EAAABBF-0BEB-4711-882C-CA407B2A0AFD}
		{2100E3E7-97A0-41A8-A6C9-F84D717452DE} = {0EAAABBF-0BEB-4711-882C-CA407B2A0AFD}
		{8472E285-17CB-4411-972D-3EAF8C8C5C27} = {0EAAABBF-0BEB-4711-882C-CA407B2A0AFD}
		{293EFBD6-8A43-48C5-872F-3AD046E11F34} = {84B0A100-27C8-4248-8BEB-F942AE0520EB}
	EndGlobalSection
	GlobalSection(ExtensibilityGlobals) = postSolution
		SolutionGuid = {57AC4D7B-A058-4696-AA58-73BD2F82FDA9}
	EndGlobalSection
EndGlobal
